{
  "version": 4,
  "terraform_version": "1.9.6",
  "serial": 69,
  "lineage": "15622535-6bb8-8fcd-a17f-b2c03ad30b6f",
  "outputs": {
    "bucket_url": {
      "value": "gs://gzo10-file-ingestion-demo",
      "type": "string"
    },
    "curated_customers_table": {
      "value": "customer-transactions-demo.cust_txn_insights.customers",
      "type": "string"
    },
    "curated_dataset_id": {
      "value": "cust_txn_insights",
      "type": "string"
    },
    "curated_transactions_table": {
      "value": "customer-transactions-demo.cust_txn_insights.transactions",
      "type": "string"
    },
    "dataflow_bucket": {
      "value": "gs://gzo10-dataflow-temp",
      "type": "string"
    },
    "dataflow_service_account": {
      "value": "dataflow-job-runner@customer-transactions-demo.iam.gserviceaccount.com",
      "type": "string"
    },
    "landing_customers_table": {
      "value": "customer-transactions-demo.file_ingestion_landing.customers",
      "type": "string"
    },
    "landing_dataset_id": {
      "value": "file_ingestion_landing",
      "type": "string"
    },
    "landing_transactions_table": {
      "value": "customer-transactions-demo.file_ingestion_landing.transactions",
      "type": "string"
    }
  },
  "resources": [
    {
      "mode": "managed",
      "type": "google_bigquery_dataset",
      "name": "cust_txn_insights",
      "provider": "provider[\"registry.terraform.io/hashicorp/google\"]",
      "instances": [
        {
          "schema_version": 0,
          "attributes": {
            "access": [
              {
                "dataset": [],
                "domain": "",
                "group_by_email": "",
                "iam_member": "",
                "role": "OWNER",
                "routine": [],
                "special_group": "",
                "user_by_email": "giorgoszoulis@gmail.com",
                "view": []
              },
              {
                "dataset": [],
                "domain": "",
                "group_by_email": "",
                "iam_member": "",
                "role": "OWNER",
                "routine": [],
                "special_group": "projectOwners",
                "user_by_email": "",
                "view": []
              },
              {
                "dataset": [],
                "domain": "",
                "group_by_email": "",
                "iam_member": "",
                "role": "READER",
                "routine": [],
                "special_group": "projectReaders",
                "user_by_email": "",
                "view": []
              },
              {
                "dataset": [],
                "domain": "",
                "group_by_email": "",
                "iam_member": "",
                "role": "WRITER",
                "routine": [],
                "special_group": "projectWriters",
                "user_by_email": "",
                "view": []
              }
            ],
            "creation_time": 1755430508232,
            "dataset_id": "cust_txn_insights",
            "default_collation": "",
            "default_encryption_configuration": [],
            "default_partition_expiration_ms": 0,
            "default_table_expiration_ms": 2592000000,
            "delete_contents_on_destroy": true,
            "description": "",
            "effective_labels": {},
            "etag": "DpSKmj5tHLaBH0VorjcE9A==",
            "external_dataset_reference": [],
            "friendly_name": "",
            "id": "projects/customer-transactions-demo/datasets/cust_txn_insights",
            "is_case_insensitive": false,
            "labels": null,
            "last_modified_time": 1755430508232,
            "location": "europe-west1",
            "max_time_travel_hours": "168",
            "project": "customer-transactions-demo",
            "resource_tags": null,
            "self_link": "https://bigquery.googleapis.com/bigquery/v2/projects/customer-transactions-demo/datasets/cust_txn_insights",
            "storage_billing_model": "",
            "terraform_labels": {},
            "timeouts": null
          },
          "sensitive_attributes": [],
          "private": "eyJlMmJmYjczMC1lY2FhLTExZTYtOGY4OC0zNDM2M2JjN2M0YzAiOnsiY3JlYXRlIjoxMjAwMDAwMDAwMDAwLCJkZWxldGUiOjEyMDAwMDAwMDAwMDAsInVwZGF0ZSI6MTIwMDAwMDAwMDAwMH19"
        }
      ]
    },
    {
      "mode": "managed",
      "type": "google_bigquery_dataset",
      "name": "file_ingestion_landing",
      "provider": "provider[\"registry.terraform.io/hashicorp/google\"]",
      "instances": [
        {
          "schema_version": 0,
          "attributes": {
            "access": [
              {
                "dataset": [],
                "domain": "",
                "group_by_email": "",
                "iam_member": "",
                "role": "OWNER",
                "routine": [],
                "special_group": "",
                "user_by_email": "giorgoszoulis@gmail.com",
                "view": []
              },
              {
                "dataset": [],
                "domain": "",
                "group_by_email": "",
                "iam_member": "",
                "role": "OWNER",
                "routine": [],
                "special_group": "projectOwners",
                "user_by_email": "",
                "view": []
              },
              {
                "dataset": [],
                "domain": "",
                "group_by_email": "",
                "iam_member": "",
                "role": "READER",
                "routine": [],
                "special_group": "projectReaders",
                "user_by_email": "",
                "view": []
              },
              {
                "dataset": [],
                "domain": "",
                "group_by_email": "",
                "iam_member": "",
                "role": "WRITER",
                "routine": [],
                "special_group": "projectWriters",
                "user_by_email": "",
                "view": []
              }
            ],
            "creation_time": 1755430508331,
            "dataset_id": "file_ingestion_landing",
            "default_collation": "",
            "default_encryption_configuration": [],
            "default_partition_expiration_ms": 0,
            "default_table_expiration_ms": 0,
            "delete_contents_on_destroy": true,
            "description": "",
            "effective_labels": {},
            "etag": "okU9q1ojnYsTmhCqapzpmA==",
            "external_dataset_reference": [],
            "friendly_name": "",
            "id": "projects/customer-transactions-demo/datasets/file_ingestion_landing",
            "is_case_insensitive": false,
            "labels": null,
            "last_modified_time": 1755430508331,
            "location": "europe-west1",
            "max_time_travel_hours": "168",
            "project": "customer-transactions-demo",
            "resource_tags": null,
            "self_link": "https://bigquery.googleapis.com/bigquery/v2/projects/customer-transactions-demo/datasets/file_ingestion_landing",
            "storage_billing_model": "",
            "terraform_labels": {},
            "timeouts": null
          },
          "sensitive_attributes": [],
          "private": "eyJlMmJmYjczMC1lY2FhLTExZTYtOGY4OC0zNDM2M2JjN2M0YzAiOnsiY3JlYXRlIjoxMjAwMDAwMDAwMDAwLCJkZWxldGUiOjEyMDAwMDAwMDAwMDAsInVwZGF0ZSI6MTIwMDAwMDAwMDAwMH19"
        }
      ]
    },
    {
      "mode": "managed",
      "type": "google_bigquery_table",
      "name": "curated_customers",
      "provider": "provider[\"registry.terraform.io/hashicorp/google\"]",
      "instances": [
        {
          "schema_version": 0,
          "attributes": {
            "allow_resource_tags_on_deletion": false,
            "clustering": [
              "customer_id"
            ],
            "creation_time": 1755430509485,
            "dataset_id": "cust_txn_insights",
            "deletion_protection": false,
            "description": "",
            "effective_labels": {},
            "encryption_configuration": [],
            "etag": "ucVtozH+jv4zp1YFlgkvgg==",
            "expiration_time": 1758022509485,
            "external_data_configuration": [],
            "friendly_name": "",
            "id": "projects/customer-transactions-demo/datasets/cust_txn_insights/tables/customers",
            "labels": null,
            "last_modified_time": 1755430509635,
            "location": "europe-west1",
            "materialized_view": [],
            "max_staleness": "",
            "num_bytes": 0,
            "num_long_term_bytes": 0,
            "num_rows": 0,
            "project": "customer-transactions-demo",
            "range_partitioning": [],
            "require_partition_filter": false,
            "resource_tags": null,
            "schema": "[{\"mode\":\"REQUIRED\",\"name\":\"customer_id\",\"type\":\"STRING\"},{\"mode\":\"NULLABLE\",\"name\":\"first_name\",\"type\":\"STRING\"},{\"mode\":\"NULLABLE\",\"name\":\"last_name\",\"type\":\"STRING\"},{\"mode\":\"NULLABLE\",\"name\":\"email\",\"type\":\"STRING\"},{\"mode\":\"NULLABLE\",\"name\":\"signup_date\",\"type\":\"DATE\"},{\"mode\":\"NULLABLE\",\"name\":\"country\",\"type\":\"STRING\"},{\"mode\":\"REQUIRED\",\"name\":\"load_tsp\",\"type\":\"TIMESTAMP\"},{\"mode\":\"NULLABLE\",\"name\":\"file_name\",\"type\":\"STRING\"},{\"mode\":\"REQUIRED\",\"name\":\"rows_diff_hash\",\"type\":\"STRING\"}]",
            "self_link": "https://bigquery.googleapis.com/bigquery/v2/projects/customer-transactions-demo/datasets/cust_txn_insights/tables/customers",
            "table_constraints": [],
            "table_id": "customers",
            "table_replication_info": [],
            "terraform_labels": {},
            "time_partitioning": [
              {
                "expiration_ms": 0,
                "field": "load_tsp",
                "require_partition_filter": false,
                "type": "DAY"
              }
            ],
            "type": "TABLE",
            "view": []
          },
          "sensitive_attributes": [],
          "private": "bnVsbA==",
          "dependencies": [
            "google_bigquery_dataset.cust_txn_insights"
          ]
        }
      ]
    },
    {
      "mode": "managed",
      "type": "google_bigquery_table",
      "name": "curated_transactions",
      "provider": "provider[\"registry.terraform.io/hashicorp/google\"]",
      "instances": [
        {
          "schema_version": 0,
          "attributes": {
            "allow_resource_tags_on_deletion": false,
            "clustering": [
              "customer_id"
            ],
            "creation_time": 1755430509506,
            "dataset_id": "cust_txn_insights",
            "deletion_protection": false,
            "description": "",
            "effective_labels": {},
            "encryption_configuration": [],
            "etag": "YyuDarjQzZcFDk3xgf4QvA==",
            "expiration_time": 1758022509506,
            "external_data_configuration": [],
            "friendly_name": "",
            "id": "projects/customer-transactions-demo/datasets/cust_txn_insights/tables/transactions",
            "labels": null,
            "last_modified_time": 1755430509635,
            "location": "europe-west1",
            "materialized_view": [],
            "max_staleness": "",
            "num_bytes": 0,
            "num_long_term_bytes": 0,
            "num_rows": 0,
            "project": "customer-transactions-demo",
            "range_partitioning": [],
            "require_partition_filter": false,
            "resource_tags": null,
            "schema": "[{\"mode\":\"REQUIRED\",\"name\":\"transaction_id\",\"type\":\"STRING\"},{\"mode\":\"NULLABLE\",\"name\":\"customer_id\",\"type\":\"STRING\"},{\"mode\":\"NULLABLE\",\"name\":\"transaction_date\",\"type\":\"TIMESTAMP\"},{\"mode\":\"NULLABLE\",\"name\":\"amount\",\"type\":\"NUMERIC\"},{\"mode\":\"NULLABLE\",\"name\":\"currency\",\"type\":\"STRING\"},{\"mode\":\"NULLABLE\",\"name\":\"product\",\"type\":\"STRING\"},{\"mode\":\"REQUIRED\",\"name\":\"load_tsp\",\"type\":\"TIMESTAMP\"},{\"mode\":\"NULLABLE\",\"name\":\"file_name\",\"type\":\"STRING\"},{\"mode\":\"REQUIRED\",\"name\":\"rows_diff_hash\",\"type\":\"STRING\"}]",
            "self_link": "https://bigquery.googleapis.com/bigquery/v2/projects/customer-transactions-demo/datasets/cust_txn_insights/tables/transactions",
            "table_constraints": [],
            "table_id": "transactions",
            "table_replication_info": [],
            "terraform_labels": {},
            "time_partitioning": [
              {
                "expiration_ms": 0,
                "field": "transaction_date",
                "require_partition_filter": false,
                "type": "DAY"
              }
            ],
            "type": "TABLE",
            "view": []
          },
          "sensitive_attributes": [],
          "private": "bnVsbA==",
          "dependencies": [
            "google_bigquery_dataset.cust_txn_insights"
          ]
        }
      ]
    },
    {
      "mode": "managed",
      "type": "google_bigquery_table",
      "name": "landing_customers",
      "provider": "provider[\"registry.terraform.io/hashicorp/google\"]",
      "instances": [
        {
          "schema_version": 0,
          "attributes": {
            "allow_resource_tags_on_deletion": false,
            "clustering": [
              "customer_id"
            ],
            "creation_time": 1755430510009,
            "dataset_id": "file_ingestion_landing",
            "deletion_protection": false,
            "description": "",
            "effective_labels": {},
            "encryption_configuration": [],
            "etag": "KAiFmfoyRVFbR0NIfrwLdA==",
            "expiration_time": 0,
            "external_data_configuration": [],
            "friendly_name": "",
            "id": "projects/customer-transactions-demo/datasets/file_ingestion_landing/tables/customers",
            "labels": null,
            "last_modified_time": 1755430510157,
            "location": "europe-west1",
            "materialized_view": [],
            "max_staleness": "",
            "num_bytes": 0,
            "num_long_term_bytes": 0,
            "num_rows": 0,
            "project": "customer-transactions-demo",
            "range_partitioning": [],
            "require_partition_filter": false,
            "resource_tags": null,
            "schema": "[{\"mode\":\"REQUIRED\",\"name\":\"customer_id\",\"type\":\"STRING\"},{\"mode\":\"NULLABLE\",\"name\":\"first_name\",\"type\":\"STRING\"},{\"mode\":\"NULLABLE\",\"name\":\"last_name\",\"type\":\"STRING\"},{\"mode\":\"NULLABLE\",\"name\":\"email\",\"type\":\"STRING\"},{\"mode\":\"NULLABLE\",\"name\":\"signup_date\",\"type\":\"STRING\"},{\"mode\":\"NULLABLE\",\"name\":\"country\",\"type\":\"STRING\"},{\"mode\":\"REQUIRED\",\"name\":\"load_tsp\",\"type\":\"TIMESTAMP\"},{\"mode\":\"REQUIRED\",\"name\":\"source_file\",\"type\":\"STRING\"}]",
            "self_link": "https://bigquery.googleapis.com/bigquery/v2/projects/customer-transactions-demo/datasets/file_ingestion_landing/tables/customers",
            "table_constraints": [],
            "table_id": "customers",
            "table_replication_info": [],
            "terraform_labels": {},
            "time_partitioning": [
              {
                "expiration_ms": 0,
                "field": "load_tsp",
                "require_partition_filter": false,
                "type": "DAY"
              }
            ],
            "type": "TABLE",
            "view": []
          },
          "sensitive_attributes": [],
          "private": "bnVsbA==",
          "dependencies": [
            "google_bigquery_dataset.file_ingestion_landing"
          ]
        }
      ]
    },
    {
      "mode": "managed",
      "type": "google_bigquery_table",
      "name": "landing_transactions",
      "provider": "provider[\"registry.terraform.io/hashicorp/google\"]",
      "instances": [
        {
          "schema_version": 0,
          "attributes": {
            "allow_resource_tags_on_deletion": false,
            "clustering": [
              "transaction_id"
            ],
            "creation_time": 1755430509990,
            "dataset_id": "file_ingestion_landing",
            "deletion_protection": false,
            "description": "",
            "effective_labels": {},
            "encryption_configuration": [],
            "etag": "Q/AL5zTybCXluMqcDwIOmw==",
            "expiration_time": 0,
            "external_data_configuration": [],
            "friendly_name": "",
            "id": "projects/customer-transactions-demo/datasets/file_ingestion_landing/tables/transactions",
            "labels": null,
            "last_modified_time": 1755430510172,
            "location": "europe-west1",
            "materialized_view": [],
            "max_staleness": "",
            "num_bytes": 0,
            "num_long_term_bytes": 0,
            "num_rows": 0,
            "project": "customer-transactions-demo",
            "range_partitioning": [],
            "require_partition_filter": false,
            "resource_tags": null,
            "schema": "[{\"mode\":\"REQUIRED\",\"name\":\"transaction_id\",\"type\":\"STRING\"},{\"mode\":\"NULLABLE\",\"name\":\"customer_id\",\"type\":\"STRING\"},{\"mode\":\"NULLABLE\",\"name\":\"transaction_date\",\"type\":\"STRING\"},{\"mode\":\"NULLABLE\",\"name\":\"amount\",\"type\":\"FLOAT\"},{\"mode\":\"NULLABLE\",\"name\":\"currency\",\"type\":\"STRING\"},{\"mode\":\"NULLABLE\",\"name\":\"product\",\"type\":\"STRING\"},{\"mode\":\"REQUIRED\",\"name\":\"load_tsp\",\"type\":\"TIMESTAMP\"},{\"mode\":\"REQUIRED\",\"name\":\"source_file\",\"type\":\"STRING\"}]",
            "self_link": "https://bigquery.googleapis.com/bigquery/v2/projects/customer-transactions-demo/datasets/file_ingestion_landing/tables/transactions",
            "table_constraints": [],
            "table_id": "transactions",
            "table_replication_info": [],
            "terraform_labels": {},
            "time_partitioning": [
              {
                "expiration_ms": 0,
                "field": "load_tsp",
                "require_partition_filter": false,
                "type": "DAY"
              }
            ],
            "type": "TABLE",
            "view": []
          },
          "sensitive_attributes": [],
          "private": "bnVsbA==",
          "dependencies": [
            "google_bigquery_dataset.file_ingestion_landing"
          ]
        }
      ]
    },
    {
      "mode": "managed",
      "type": "google_project_iam_member",
      "name": "bigquery_access",
      "provider": "provider[\"registry.terraform.io/hashicorp/google\"]",
      "instances": [
        {
          "schema_version": 0,
          "attributes": {
            "condition": [],
            "etag": "BwY8jgTanLU=",
            "id": "customer-transactions-demo/roles/bigquery.dataEditor/serviceAccount:dataflow-job-runner@customer-transactions-demo.iam.gserviceaccount.com",
            "member": "serviceAccount:dataflow-job-runner@customer-transactions-demo.iam.gserviceaccount.com",
            "project": "customer-transactions-demo",
            "role": "roles/bigquery.dataEditor"
          },
          "sensitive_attributes": [],
          "private": "bnVsbA==",
          "dependencies": [
            "google_service_account.dataflow_sa"
          ]
        }
      ]
    },
    {
      "mode": "managed",
      "type": "google_project_iam_member",
      "name": "dataflow_worker_role",
      "provider": "provider[\"registry.terraform.io/hashicorp/google\"]",
      "instances": [
        {
          "schema_version": 0,
          "attributes": {
            "condition": [],
            "etag": "BwY8jgTanLU=",
            "id": "customer-transactions-demo/roles/dataflow.worker/serviceAccount:dataflow-job-runner@customer-transactions-demo.iam.gserviceaccount.com",
            "member": "serviceAccount:dataflow-job-runner@customer-transactions-demo.iam.gserviceaccount.com",
            "project": "customer-transactions-demo",
            "role": "roles/dataflow.worker"
          },
          "sensitive_attributes": [],
          "private": "bnVsbA==",
          "dependencies": [
            "google_service_account.dataflow_sa"
          ]
        }
      ]
    },
    {
      "mode": "managed",
      "type": "google_project_iam_member",
      "name": "gcs_access",
      "provider": "provider[\"registry.terraform.io/hashicorp/google\"]",
      "instances": [
        {
          "schema_version": 0,
          "attributes": {
            "condition": [],
            "etag": "BwY8jgTanLU=",
            "id": "customer-transactions-demo/roles/storage.objectAdmin/serviceAccount:dataflow-job-runner@customer-transactions-demo.iam.gserviceaccount.com",
            "member": "serviceAccount:dataflow-job-runner@customer-transactions-demo.iam.gserviceaccount.com",
            "project": "customer-transactions-demo",
            "role": "roles/storage.objectAdmin"
          },
          "sensitive_attributes": [],
          "private": "bnVsbA==",
          "dependencies": [
            "google_service_account.dataflow_sa"
          ]
        }
      ]
    },
    {
      "mode": "managed",
      "type": "google_service_account",
      "name": "dataflow_sa",
      "provider": "provider[\"registry.terraform.io/hashicorp/google\"]",
      "instances": [
        {
          "schema_version": 0,
          "attributes": {
            "account_id": "dataflow-job-runner",
            "create_ignore_already_exists": null,
            "description": "",
            "disabled": false,
            "display_name": "Dataflow Job Runner",
            "email": "dataflow-job-runner@customer-transactions-demo.iam.gserviceaccount.com",
            "id": "projects/customer-transactions-demo/serviceAccounts/dataflow-job-runner@customer-transactions-demo.iam.gserviceaccount.com",
            "member": "serviceAccount:dataflow-job-runner@customer-transactions-demo.iam.gserviceaccount.com",
            "name": "projects/customer-transactions-demo/serviceAccounts/dataflow-job-runner@customer-transactions-demo.iam.gserviceaccount.com",
            "project": "customer-transactions-demo",
            "timeouts": null,
            "unique_id": "107884147818381845594"
          },
          "sensitive_attributes": [],
          "private": "eyJlMmJmYjczMC1lY2FhLTExZTYtOGY4OC0zNDM2M2JjN2M0YzAiOnsiY3JlYXRlIjozMDAwMDAwMDAwMDB9fQ=="
        }
      ]
    },
    {
      "mode": "managed",
      "type": "google_storage_bucket",
      "name": "dataflow_bucket",
      "provider": "provider[\"registry.terraform.io/hashicorp/google\"]",
      "instances": [
        {
          "schema_version": 2,
          "attributes": {
            "autoclass": [],
            "cors": [],
            "custom_placement_config": [],
            "default_event_based_hold": false,
            "effective_labels": {},
            "enable_object_retention": false,
            "encryption": [],
            "force_destroy": true,
            "id": "gzo10-dataflow-temp",
            "labels": null,
            "lifecycle_rule": [],
            "location": "EUROPE-WEST1",
            "logging": [],
            "name": "gzo10-dataflow-temp",
            "project": "customer-transactions-demo",
            "project_number": 827906420336,
            "public_access_prevention": "inherited",
            "requester_pays": false,
            "retention_policy": [],
            "rpo": null,
            "self_link": "https://www.googleapis.com/storage/v1/b/gzo10-dataflow-temp",
            "soft_delete_policy": [
              {
                "effective_time": "2025-08-17T11:35:08.842Z",
                "retention_duration_seconds": 604800
              }
            ],
            "storage_class": "STANDARD",
            "terraform_labels": {},
            "timeouts": null,
            "uniform_bucket_level_access": true,
            "url": "gs://gzo10-dataflow-temp",
            "versioning": [],
            "website": []
          },
          "sensitive_attributes": [],
          "private": "eyJlMmJmYjczMC1lY2FhLTExZTYtOGY4OC0zNDM2M2JjN2M0YzAiOnsiY3JlYXRlIjo2MDAwMDAwMDAwMDAsInJlYWQiOjI0MDAwMDAwMDAwMCwidXBkYXRlIjoyNDAwMDAwMDAwMDB9LCJzY2hlbWFfdmVyc2lvbiI6IjIifQ=="
        }
      ]
    },
    {
      "mode": "managed",
      "type": "google_storage_bucket",
      "name": "raw_data_landing_bucket",
      "provider": "provider[\"registry.terraform.io/hashicorp/google\"]",
      "instances": [
        {
          "schema_version": 2,
          "attributes": {
            "autoclass": [],
            "cors": [],
            "custom_placement_config": [],
            "default_event_based_hold": false,
            "effective_labels": {},
            "enable_object_retention": false,
            "encryption": [],
            "force_destroy": true,
            "id": "gzo10-file-ingestion-demo",
            "labels": null,
            "lifecycle_rule": [
              {
                "action": [
                  {
                    "storage_class": "",
                    "type": "Delete"
                  }
                ],
                "condition": [
                  {
                    "age": 30,
                    "created_before": "",
                    "custom_time_before": "",
                    "days_since_custom_time": 0,
                    "days_since_noncurrent_time": 0,
                    "matches_prefix": [],
                    "matches_storage_class": [],
                    "matches_suffix": [],
                    "no_age": false,
                    "noncurrent_time_before": "",
                    "num_newer_versions": 0,
                    "send_age_if_zero": true,
                    "send_days_since_custom_time_if_zero": false,
                    "send_days_since_noncurrent_time_if_zero": false,
                    "send_num_newer_versions_if_zero": false,
                    "with_state": "ANY"
                  }
                ]
              }
            ],
            "location": "EUROPE-WEST1",
            "logging": [],
            "name": "gzo10-file-ingestion-demo",
            "project": "customer-transactions-demo",
            "project_number": 827906420336,
            "public_access_prevention": "inherited",
            "requester_pays": false,
            "retention_policy": [],
            "rpo": null,
            "self_link": "https://www.googleapis.com/storage/v1/b/gzo10-file-ingestion-demo",
            "soft_delete_policy": [
              {
                "effective_time": "2025-08-17T11:35:09.132Z",
                "retention_duration_seconds": 604800
              }
            ],
            "storage_class": "STANDARD",
            "terraform_labels": {},
            "timeouts": null,
            "uniform_bucket_level_access": true,
            "url": "gs://gzo10-file-ingestion-demo",
            "versioning": [],
            "website": []
          },
          "sensitive_attributes": [],
          "private": "eyJlMmJmYjczMC1lY2FhLTExZTYtOGY4OC0zNDM2M2JjN2M0YzAiOnsiY3JlYXRlIjo2MDAwMDAwMDAwMDAsInJlYWQiOjI0MDAwMDAwMDAwMCwidXBkYXRlIjoyNDAwMDAwMDAwMDB9LCJzY2hlbWFfdmVyc2lvbiI6IjIifQ=="
        }
      ]
    }
  ],
  "check_results": null
}
